
Microsoft Visual Studio Solution File, Format Version 12.00
# Visual Studio 14
VisualStudioVersion = 14.0.25420.1
MinimumVisualStudioVersion = 10.0.40219.1
Project("{8BC9CEB8-8B4A-11D0-8D11-00A0C91BC942}") = "CppProperties", "CppProperties\CppProperties.vcxproj", "{AC00494F-1347-47E2-B499-0F4B984B02D7}"
EndProject
Project("{8BC9CEB8-8B4A-11D0-8D11-00A0C91BC942}") = "NoSqlDb", "NoSqlDb\NoSqlDb.vcxproj", "{0258661B-F975-4061-9AA6-5E201397C91D}"
EndProject
Project("{8BC9CEB8-8B4A-11D0-8D11-00A0C91BC942}") = "PersistHelp", "Persist\PersistHelp.vcxproj", "{5316663A-21F3-44D3-8C34-9FF900172451}"
EndProject
Project("{8BC9CEB8-8B4A-11D0-8D11-00A0C91BC942}") = "Utilities", "Utilities\Utilities.vcxproj", "{22A6EB92-60A0-402C-8FEB-DD81761D4052}"
EndProject
Project("{8BC9CEB8-8B4A-11D0-8D11-00A0C91BC942}") = "XmlDocument", "XmlDocument\XmlDocument\XmlDocument.vcxproj", "{0A82ECDC-7520-453A-8F2C-D813FEEE7537}"
EndProject
Project("{8BC9CEB8-8B4A-11D0-8D11-00A0C91BC942}") = "Convert", "Serialize\Serialize.vcxproj", "{610D3867-9D15-4903-9947-1682477E7D90}"
EndProject
Project("{8BC9CEB8-8B4A-11D0-8D11-00A0C91BC942}") = "TextExecutive", "TextExecutive\TextExecutive.vcxproj", "{621D3451-8524-4342-BDD6-6C908927E7DD}"
EndProject
Global
	GlobalSection(SolutionConfigurationPlatforms) = preSolution
		Debug|x64 = Debug|x64
		Debug|x86 = Debug|x86
		Release|x64 = Release|x64
		Release|x86 = Release|x86
	EndGlobalSection
	GlobalSection(ProjectConfigurationPlatforms) = postSolution
		{AC00494F-1347-47E2-B499-0F4B984B02D7}.Debug|x64.ActiveCfg = Debug|x64
		{AC00494F-1347-47E2-B499-0F4B984B02D7}.Debug|x64.Build.0 = Debug|x64
		{AC00494F-1347-47E2-B499-0F4B984B02D7}.Debug|x86.ActiveCfg = Debug|Win32
		{AC00494F-1347-47E2-B499-0F4B984B02D7}.Debug|x86.Build.0 = Debug|Win32
		{AC00494F-1347-47E2-B499-0F4B984B02D7}.Release|x64.ActiveCfg = Release|x64
		{AC00494F-1347-47E2-B499-0F4B984B02D7}.Release|x64.Build.0 = Release|x64
		{AC00494F-1347-47E2-B499-0F4B984B02D7}.Release|x86.ActiveCfg = Release|Win32
		{AC00494F-1347-47E2-B499-0F4B984B02D7}.Release|x86.Build.0 = Release|Win32
		{0258661B-F975-4061-9AA6-5E201397C91D}.Debug|x64.ActiveCfg = Debug|x64
		{0258661B-F975-4061-9AA6-5E201397C91D}.Debug|x64.Build.0 = Debug|x64
		{0258661B-F975-4061-9AA6-5E201397C91D}.Debug|x86.ActiveCfg = Debug|Win32
		{0258661B-F975-4061-9AA6-5E201397C91D}.Debug|x86.Build.0 = Debug|Win32
		{0258661B-F975-4061-9AA6-5E201397C91D}.Release|x64.ActiveCfg = Release|x64
		{0258661B-F975-4061-9AA6-5E201397C91D}.Release|x64.Build.0 = Release|x64
		{0258661B-F975-4061-9AA6-5E201397C91D}.Release|x86.ActiveCfg = Release|Win32
		{0258661B-F975-4061-9AA6-5E201397C91D}.Release|x86.Build.0 = Release|Win32
		{5316663A-21F3-44D3-8C34-9FF900172451}.Debug|x64.ActiveCfg = Debug|x64
		{5316663A-21F3-44D3-8C34-9FF900172451}.Debug|x64.Build.0 = Debug|x64
		{5316663A-21F3-44D3-8C34-9FF900172451}.Debug|x86.ActiveCfg = Debug|Win32
		{5316663A-21F3-44D3-8C34-9FF900172451}.Debug|x86.Build.0 = Debug|Win32
		{5316663A-21F3-44D3-8C34-9FF900172451}.Release|x64.ActiveCfg = Release|x64
		{5316663A-21F3-44D3-8C34-9FF900172451}.Release|x64.Build.0 = Release|x64
		{5316663A-21F3-44D3-8C34-9FF900172451}.Release|x86.ActiveCfg = Release|Win32
		{5316663A-21F3-44D3-8C34-9FF900172451}.Release|x86.Build.0 = Release|Win32
		{22A6EB92-60A0-402C-8FEB-DD81761D4052}.Debug|x64.ActiveCfg = Debug|x64
		{22A6EB92-60A0-402C-8FEB-DD81761D4052}.Debug|x64.Build.0 = Debug|x64
		{22A6EB92-60A0-402C-8FEB-DD81761D4052}.Debug|x86.ActiveCfg = Debug|Win32
		{22A6EB92-60A0-402C-8FEB-DD81761D4052}.Debug|x86.Build.0 = Debug|Win32
		{22A6EB92-60A0-402C-8FEB-DD81761D4052}.Release|x64.ActiveCfg = Release|x64
		{22A6EB92-60A0-402C-8FEB-DD81761D4052}.Release|x64.Build.0 = Release|x64
		{22A6EB92-60A0-402C-8FEB-DD81761D4052}.Release|x86.ActiveCfg = Release|Win32
		{22A6EB92-60A0-402C-8FEB-DD81761D4052}.Release|x86.Build.0 = Release|Win32
		{0A82ECDC-7520-453A-8F2C-D813FEEE7537}.Debug|x64.ActiveCfg = Debug|Win32
		{0A82ECDC-7520-453A-8F2C-D813FEEE7537}.Debug|x86.ActiveCfg = Debug|Win32
		{0A82ECDC-7520-453A-8F2C-D813FEEE7537}.Debug|x86.Build.0 = Debug|Win32
		{0A82ECDC-7520-453A-8F2C-D813FEEE7537}.Release|x64.ActiveCfg = Release|Win32
		{0A82ECDC-7520-453A-8F2C-D813FEEE7537}.Release|x86.ActiveCfg = Release|Win32
		{0A82ECDC-7520-453A-8F2C-D813FEEE7537}.Release|x86.Build.0 = Release|Win32
		{610D3867-9D15-4903-9947-1682477E7D90}.Debug|x64.ActiveCfg = Debug|x64
		{610D3867-9D15-4903-9947-1682477E7D90}.Debug|x64.Build.0 = Debug|x64
		{610D3867-9D15-4903-9947-1682477E7D90}.Debug|x86.ActiveCfg = Debug|Win32
		{610D3867-9D15-4903-9947-1682477E7D90}.Debug|x86.Build.0 = Debug|Win32
		{610D3867-9D15-4903-9947-1682477E7D90}.Release|x64.ActiveCfg = Release|x64
		{610D3867-9D15-4903-9947-1682477E7D90}.Release|x64.Build.0 = Release|x64
		{610D3867-9D15-4903-9947-1682477E7D90}.Release|x86.ActiveCfg = Release|Win32
		{610D3867-9D15-4903-9947-1682477E7D90}.Release|x86.Build.0 = Release|Win32
		{621D3451-8524-4342-BDD6-6C908927E7DD}.Debug|x64.ActiveCfg = Debug|x64
		{621D3451-8524-4342-BDD6-6C908927E7DD}.Debug|x64.Build.0 = Debug|x64
		{621D3451-8524-4342-BDD6-6C908927E7DD}.Debug|x86.ActiveCfg = Debug|Win32
		{621D3451-8524-4342-BDD6-6C908927E7DD}.Debug|x86.Build.0 = Debug|Win32
		{621D3451-8524-4342-BDD6-6C908927E7DD}.Release|x64.ActiveCfg = Release|x64
		{621D3451-8524-4342-BDD6-6C908927E7DD}.Release|x64.Build.0 = Release|x64
		{621D3451-8524-4342-BDD6-6C908927E7DD}.Release|x86.ActiveCfg = Release|Win32
		{621D3451-8524-4342-BDD6-6C908927E7DD}.Release|x86.Build.0 = Release|Win32
	EndGlobalSection
	GlobalSection(SolutionProperties) = preSolution
		HideSolutionNode = FALSE
	EndGlobalSection
EndGlobal
